
Microsoft Visual Studio Solution File, Format Version 12.00
# Visual Studio 15
Project("{FAE04EC0-301F-11D3-BF4B-00C04F79EFBC}") = "Assembly-CSharp", "Assembly-CSharp.csproj", "{36BD0F1D-A4A2-E27C-4ACE-B36F8C8D60FB}"
EndProject
Project("{FAE04EC0-301F-11D3-BF4B-00C04F79EFBC}") = "Assembly-CSharp-Editor", "Assembly-CSharp-Editor.csproj", "{2CB911D2-7EF7-2CA0-F33F-2119993F2EBC}"
EndProject
Global
	GlobalSection(SolutionConfigurationPlatforms) = preSolution
		Debug|Any CPU = Debug|Any CPU
		Release|Any CPU = Release|Any CPU
	EndGlobalSection
	GlobalSection(ProjectConfigurationPlatforms) = postSolution
		{36BD0F1D-A4A2-E27C-4ACE-B36F8C8D60FB}.Debug|Any CPU.ActiveCfg = Debug|Any CPU
		{36BD0F1D-A4A2-E27C-4ACE-B36F8C8D60FB}.Debug|Any CPU.Build.0 = Debug|Any CPU
		{36BD0F1D-A4A2-E27C-4ACE-B36F8C8D60FB}.Release|Any CPU.ActiveCfg = Release|Any CPU
		{36BD0F1D-A4A2-E27C-4ACE-B36F8C8D60FB}.Release|Any CPU.Build.0 = Release|Any CPU
		{2CB911D2-7EF7-2CA0-F33F-2119993F2EBC}.Debug|Any CPU.ActiveCfg = Debug|Any CPU
		{2CB911D2-7EF7-2CA0-F33F-2119993F2EBC}.Debug|Any CPU.Build.0 = Debug|Any CPU
		{2CB911D2-7EF7-2CA0-F33F-2119993F2EBC}.Release|Any CPU.ActiveCfg = Release|Any CPU
		{2CB911D2-7EF7-2CA0-F33F-2119993F2EBC}.Release|Any CPU.Build.0 = Release|Any CPU
	EndGlobalSection
	GlobalSection(SolutionProperties) = preSolution
		HideSolutionNode = FALSE
	EndGlobalSection
EndGlobal
